
Microsoft Visual Studio Solution File, Format Version 12.00
# Visual Studio Version 17
VisualStudioVersion = 17.0.32112.339
MinimumVisualStudioVersion = 10.0.40219.1
Project("{FAE04EC0-301F-11D3-BF4B-00C04F79EFBC}") = "HoistingCrane", "HoistingCrane\HoistingCrane.csproj", "{D80E7B00-5088-4976-A795-E42A2FE183D6}"
EndProject
Global
	GlobalSection(SolutionConfigurationPlatforms) = preSolution
		Debug|Any CPU = Debug|Any CPU
		Release|Any CPU = Release|Any CPU
	EndGlobalSection
	GlobalSection(ProjectConfigurationPlatforms) = postSolution
		{D80E7B00-5088-4976-A795-E42A2FE183D6}.Debug|Any CPU.ActiveCfg = Debug|Any CPU
		{D80E7B00-5088-4976-A795-E42A2FE183D6}.Debug|Any CPU.Build.0 = Debug|Any CPU
		{D80E7B00-5088-4976-A795-E42A2FE183D6}.Release|Any CPU.ActiveCfg = Release|Any CPU
		{D80E7B00-5088-4976-A795-E42A2FE183D6}.Release|Any CPU.Build.0 = Release|Any CPU
	EndGlobalSection
	GlobalSection(SolutionProperties) = preSolution
		HideSolutionNode = FALSE
	EndGlobalSection
	GlobalSection(ExtensibilityGlobals) = postSolution
		SolutionGuid = {F67B9958-A88C-4E5E-9405-BA7150E626AF}
	EndGlobalSection
EndGlobal
